
Microsoft Visual Studio Solution File, Format Version 12.00
# Visual Studio Version 16
VisualStudioVersion = 16.0.31624.102
MinimumVisualStudioVersion = 10.0.40219.1
Project("{FAE04EC0-301F-11D3-BF4B-00C04F79EFBC}") = "LibraryMSSQLExample", "LibraryMSSQLExample\LibraryMSSQLExample.csproj", "{DB58F75A-48BB-4940-A6FC-F49CF7DE8D45}"
EndProject
Global
	GlobalSection(SolutionConfigurationPlatforms) = preSolution
		Debug|Any CPU = Debug|Any CPU
		Release|Any CPU = Release|Any CPU
	EndGlobalSection
	GlobalSection(ProjectConfigurationPlatforms) = postSolution
		{DB58F75A-48BB-4940-A6FC-F49CF7DE8D45}.Debug|Any CPU.ActiveCfg = Debug|Any CPU
		{DB58F75A-48BB-4940-A6FC-F49CF7DE8D45}.Debug|Any CPU.Build.0 = Debug|Any CPU
		{DB58F75A-48BB-4940-A6FC-F49CF7DE8D45}.Release|Any CPU.ActiveCfg = Release|Any CPU
		{DB58F75A-48BB-4940-A6FC-F49CF7DE8D45}.Release|Any CPU.Build.0 = Release|Any CPU
	EndGlobalSection
	GlobalSection(SolutionProperties) = preSolution
		HideSolutionNode = FALSE
	EndGlobalSection
	GlobalSection(ExtensibilityGlobals) = postSolution
		SolutionGuid = {3A76F2DE-F2FB-4B44-AD78-DDA96686E526}
	EndGlobalSection
EndGlobal
